
Microsoft Visual Studio Solution File, Format Version 12.00
Project("{2150E333-8FDC-42A3-9474-1A3956D46DE8}") = "src", "src", "{6585C052-8DAA-444C-A10F-21083D76D814}"
EndProject
Project("{2150E333-8FDC-42A3-9474-1A3956D46DE8}") = "tests", "tests", "{20D2BF6D-BB7D-4EE8-BF9C-F9FF83A5552F}"
EndProject
Project("{FAE04EC0-301F-11D3-BF4B-00C04F79EFBC}") = "Astra", "src\Astra\Astra.csproj", "{06FAFA50-79EC-42F9-B74A-55ECC2889DB2}"
EndProject
Project("{2150E333-8FDC-42A3-9474-1A3956D46DE8}") = "vendor", "vendor", "{DC2690F7-B338-4CB5-944D-5C7101FBEF89}"
EndProject
Project("{FAE04EC0-301F-11D3-BF4B-00C04F79EFBC}") = "Astra.ImGui", "vendor\Astra.ImGui\Astra.ImGui\Astra.ImGui.csproj", "{8D4539C5-A098-4F2A-AAAB-7D75873B9E02}"
EndProject
Project("{FAE04EC0-301F-11D3-BF4B-00C04F79EFBC}") = "Astra.ImGui.Native", "vendor\Astra.ImGui\Astra.ImGui.Native\Astra.ImGui.Native.csproj", "{94AC8247-1AA8-4D09-B126-85B643884070}"
EndProject
Global
	GlobalSection(SolutionConfigurationPlatforms) = preSolution
		Debug|Any CPU = Debug|Any CPU
		Release|Any CPU = Release|Any CPU
	EndGlobalSection
	GlobalSection(NestedProjects) = preSolution
		{06FAFA50-79EC-42F9-B74A-55ECC2889DB2} = {6585C052-8DAA-444C-A10F-21083D76D814}
		{8D4539C5-A098-4F2A-AAAB-7D75873B9E02} = {DC2690F7-B338-4CB5-944D-5C7101FBEF89}
		{94AC8247-1AA8-4D09-B126-85B643884070} = {DC2690F7-B338-4CB5-944D-5C7101FBEF89}
	EndGlobalSection
	GlobalSection(ProjectConfigurationPlatforms) = postSolution
		{06FAFA50-79EC-42F9-B74A-55ECC2889DB2}.Debug|Any CPU.ActiveCfg = Debug|Any CPU
		{06FAFA50-79EC-42F9-B74A-55ECC2889DB2}.Debug|Any CPU.Build.0 = Debug|Any CPU
		{06FAFA50-79EC-42F9-B74A-55ECC2889DB2}.Release|Any CPU.ActiveCfg = Release|Any CPU
		{06FAFA50-79EC-42F9-B74A-55ECC2889DB2}.Release|Any CPU.Build.0 = Release|Any CPU
		{8D4539C5-A098-4F2A-AAAB-7D75873B9E02}.Debug|Any CPU.ActiveCfg = Debug|Any CPU
		{8D4539C5-A098-4F2A-AAAB-7D75873B9E02}.Debug|Any CPU.Build.0 = Debug|Any CPU
		{8D4539C5-A098-4F2A-AAAB-7D75873B9E02}.Release|Any CPU.ActiveCfg = Release|Any CPU
		{8D4539C5-A098-4F2A-AAAB-7D75873B9E02}.Release|Any CPU.Build.0 = Release|Any CPU
		{94AC8247-1AA8-4D09-B126-85B643884070}.Debug|Any CPU.ActiveCfg = Debug|Any CPU
		{94AC8247-1AA8-4D09-B126-85B643884070}.Debug|Any CPU.Build.0 = Debug|Any CPU
		{94AC8247-1AA8-4D09-B126-85B643884070}.Release|Any CPU.ActiveCfg = Release|Any CPU
		{94AC8247-1AA8-4D09-B126-85B643884070}.Release|Any CPU.Build.0 = Release|Any CPU
	EndGlobalSection
EndGlobal
